
Microsoft Visual Studio Solution File, Format Version 12.00
# Visual Studio 15
VisualStudioVersion = 15.0.27703.2018
MinimumVisualStudioVersion = 10.0.40219.1
Project("{9A19103F-16F7-4668-BE54-9A1E7A4F7556}") = "Finance.Core", "Finance.Core\Finance.Core.csproj", "{665AFAE1-61B1-42A7-AE67-98013DB1621F}"
EndProject
Project("{9A19103F-16F7-4668-BE54-9A1E7A4F7556}") = "Finance.Infrastructure", "Finance.Infrastructure\Finance.Infrastructure.csproj", "{46B0AEAB-B13B-4312-9DA1-76121EB773F5}"
EndProject
Project("{9A19103F-16F7-4668-BE54-9A1E7A4F7556}") = "Finance.Api", "Finance.Api\Finance.Api.csproj", "{E3218479-563E-487F-9BE3-36C1042963F0}"
EndProject
Project("{9A19103F-16F7-4668-BE54-9A1E7A4F7556}") = "Finance.Tests", "Finance.Tests\Finance.Tests.csproj", "{2E60D856-1F3C-479F-819E-CF8723501BEE}"
EndProject
Project("{9A19103F-16F7-4668-BE54-9A1E7A4F7556}") = "Finance.Tests.EndToEnd", "Finance.Tests.EndToEnd\Finance.Tests.EndToEnd.csproj", "{8164A647-2AA1-4AAA-825A-36A5DACC315D}"
EndProject
Project("{FAE04EC0-301F-11D3-BF4B-00C04F79EFBC}") = "Playground", "Playground\Playground.csproj", "{65267D77-BE32-4421-BBE0-B0BB2707BF13}"
EndProject
Global
	GlobalSection(SolutionConfigurationPlatforms) = preSolution
		Debug|Any CPU = Debug|Any CPU
		Release|Any CPU = Release|Any CPU
	EndGlobalSection
	GlobalSection(ProjectConfigurationPlatforms) = postSolution
		{665AFAE1-61B1-42A7-AE67-98013DB1621F}.Debug|Any CPU.ActiveCfg = Debug|Any CPU
		{665AFAE1-61B1-42A7-AE67-98013DB1621F}.Debug|Any CPU.Build.0 = Debug|Any CPU
		{665AFAE1-61B1-42A7-AE67-98013DB1621F}.Release|Any CPU.ActiveCfg = Release|Any CPU
		{665AFAE1-61B1-42A7-AE67-98013DB1621F}.Release|Any CPU.Build.0 = Release|Any CPU
		{46B0AEAB-B13B-4312-9DA1-76121EB773F5}.Debug|Any CPU.ActiveCfg = Debug|Any CPU
		{46B0AEAB-B13B-4312-9DA1-76121EB773F5}.Debug|Any CPU.Build.0 = Debug|Any CPU
		{46B0AEAB-B13B-4312-9DA1-76121EB773F5}.Release|Any CPU.ActiveCfg = Release|Any CPU
		{46B0AEAB-B13B-4312-9DA1-76121EB773F5}.Release|Any CPU.Build.0 = Release|Any CPU
		{E3218479-563E-487F-9BE3-36C1042963F0}.Debug|Any CPU.ActiveCfg = Debug|Any CPU
		{E3218479-563E-487F-9BE3-36C1042963F0}.Debug|Any CPU.Build.0 = Debug|Any CPU
		{E3218479-563E-487F-9BE3-36C1042963F0}.Release|Any CPU.ActiveCfg = Release|Any CPU
		{E3218479-563E-487F-9BE3-36C1042963F0}.Release|Any CPU.Build.0 = Release|Any CPU
		{2E60D856-1F3C-479F-819E-CF8723501BEE}.Debug|Any CPU.ActiveCfg = Debug|Any CPU
		{2E60D856-1F3C-479F-819E-CF8723501BEE}.Debug|Any CPU.Build.0 = Debug|Any CPU
		{2E60D856-1F3C-479F-819E-CF8723501BEE}.Release|Any CPU.ActiveCfg = Release|Any CPU
		{2E60D856-1F3C-479F-819E-CF8723501BEE}.Release|Any CPU.Build.0 = Release|Any CPU
		{8164A647-2AA1-4AAA-825A-36A5DACC315D}.Debug|Any CPU.ActiveCfg = Debug|Any CPU
		{8164A647-2AA1-4AAA-825A-36A5DACC315D}.Debug|Any CPU.Build.0 = Debug|Any CPU
		{8164A647-2AA1-4AAA-825A-36A5DACC315D}.Release|Any CPU.ActiveCfg = Release|Any CPU
		{8164A647-2AA1-4AAA-825A-36A5DACC315D}.Release|Any CPU.Build.0 = Release|Any CPU
		{65267D77-BE32-4421-BBE0-B0BB2707BF13}.Debug|Any CPU.ActiveCfg = Debug|Any CPU
		{65267D77-BE32-4421-BBE0-B0BB2707BF13}.Debug|Any CPU.Build.0 = Debug|Any CPU
		{65267D77-BE32-4421-BBE0-B0BB2707BF13}.Release|Any CPU.ActiveCfg = Release|Any CPU
		{65267D77-BE32-4421-BBE0-B0BB2707BF13}.Release|Any CPU.Build.0 = Release|Any CPU
	EndGlobalSection
	GlobalSection(SolutionProperties) = preSolution
		HideSolutionNode = FALSE
	EndGlobalSection
	GlobalSection(ExtensibilityGlobals) = postSolution
		SolutionGuid = {1B9BDD57-2F42-43E3-B40B-7F917E0544E8}
	EndGlobalSection
EndGlobal
